// !$*UTF8*$!
{
	archiveVersion = 1;
	classes = {
	};
	objectVersion = 56;
	objects = {

/* Begin PBXBuildFile section */
		6280EEFA2B8A4876009F139B /* BrowserRule.swift in Sources */ = {isa = PBXBuildFile; fileRef = 6280EEF92B8A4876009F139B /* BrowserRule.swift */; };
		6280EEFC2B8AA302009F139B /* BrowserRuleView.swift in Sources */ = {isa = PBXBuildFile; fileRef = 6280EEFB2B8AA302009F139B /* BrowserRuleView.swift */; };
		62FA5FC42B81BD570003DE2C /* LinnetApp.swift in Sources */ = {isa = PBXBuildFile; fileRef = 62FA5FC32B81BD570003DE2C /* LinnetApp.swift */; };
		62FA5FC62B81BD570003DE2C /* ContentView.swift in Sources */ = {isa = PBXBuildFile; fileRef = 62FA5FC52B81BD570003DE2C /* ContentView.swift */; };
		62FA5FC82B81BD570003DE2C /* Item.swift in Sources */ = {isa = PBXBuildFile; fileRef = 62FA5FC72B81BD570003DE2C /* Item.swift */; };
		62FA5FCA2B81BD580003DE2C /* Assets.xcassets in Resources */ = {isa = PBXBuildFile; fileRef = 62FA5FC92B81BD580003DE2C /* Assets.xcassets */; };
		62FA5FCD2B81BD580003DE2C /* Preview Assets.xcassets in Resources */ = {isa = PBXBuildFile; fileRef = 62FA5FCC2B81BD580003DE2C /* Preview Assets.xcassets */; };
		62FA5FD82B81BD590003DE2C /* LinnetTests.swift in Sources */ = {isa = PBXBuildFile; fileRef = 62FA5FD72B81BD590003DE2C /* LinnetTests.swift */; };
		62FA5FE22B81BD590003DE2C /* LinnetUITests.swift in Sources */ = {isa = PBXBuildFile; fileRef = 62FA5FE12B81BD590003DE2C /* LinnetUITests.swift */; };
		62FA5FE42B81BD590003DE2C /* LinnetUITestsLaunchTests.swift in Sources */ = {isa = PBXBuildFile; fileRef = 62FA5FE32B81BD590003DE2C /* LinnetUITestsLaunchTests.swift */; };
/* End PBXBuildFile section */

/* Begin PBXContainerItemProxy section */
		62FA5FD42B81BD590003DE2C /* PBXContainerItemProxy */ = {
			isa = PBXContainerItemProxy;
			containerPortal = 62FA5FB82B81BD570003DE2C /* Project object */;
			proxyType = 1;
			remoteGlobalIDString = 62FA5FBF2B81BD570003DE2C;
			remoteInfo = Linnet;
		};
		62FA5FDE2B81BD590003DE2C /* PBXContainerItemProxy */ = {
			isa = PBXContainerItemProxy;
			containerPortal = 62FA5FB82B81BD570003DE2C /* Project object */;
			proxyType = 1;
			remoteGlobalIDString = 62FA5FBF2B81BD570003DE2C;
			remoteInfo = Linnet;
		};
/* End PBXContainerItemProxy section */

/* Begin PBXFileReference section */
		6280EEF92B8A4876009F139B /* BrowserRule.swift */ = {isa = PBXFileReference; lastKnownFileType = sourcecode.swift; path = BrowserRule.swift; sourceTree = "<group>"; };
		6280EEFB2B8AA302009F139B /* BrowserRuleView.swift */ = {isa = PBXFileReference; lastKnownFileType = sourcecode.swift; path = BrowserRuleView.swift; sourceTree = "<group>"; };
		62FA5FC02B81BD570003DE2C /* Linnet.app */ = {isa = PBXFileReference; explicitFileType = wrapper.application; includeInIndex = 0; path = Linnet.app; sourceTree = BUILT_PRODUCTS_DIR; };
		62FA5FC32B81BD570003DE2C /* LinnetApp.swift */ = {isa = PBXFileReference; lastKnownFileType = sourcecode.swift; path = LinnetApp.swift; sourceTree = "<group>"; };
		62FA5FC52B81BD570003DE2C /* ContentView.swift */ = {isa = PBXFileReference; lastKnownFileType = sourcecode.swift; path = ContentView.swift; sourceTree = "<group>"; };
		62FA5FC72B81BD570003DE2C /* Item.swift */ = {isa = PBXFileReference; lastKnownFileType = sourcecode.swift; path = Item.swift; sourceTree = "<group>"; };
		62FA5FC92B81BD580003DE2C /* Assets.xcassets */ = {isa = PBXFileReference; lastKnownFileType = folder.assetcatalog; path = Assets.xcassets; sourceTree = "<group>"; };
		62FA5FCC2B81BD580003DE2C /* Preview Assets.xcassets */ = {isa = PBXFileReference; lastKnownFileType = folder.assetcatalog; path = "Preview Assets.xcassets"; sourceTree = "<group>"; };
		62FA5FCE2B81BD580003DE2C /* Linnet.entitlements */ = {isa = PBXFileReference; lastKnownFileType = text.plist.entitlements; path = Linnet.entitlements; sourceTree = "<group>"; };
		62FA5FD32B81BD590003DE2C /* LinnetTests.xctest */ = {isa = PBXFileReference; explicitFileType = wrapper.cfbundle; includeInIndex = 0; path = LinnetTests.xctest; sourceTree = BUILT_PRODUCTS_DIR; };
		62FA5FD72B81BD590003DE2C /* LinnetTests.swift */ = {isa = PBXFileReference; lastKnownFileType = sourcecode.swift; path = LinnetTests.swift; sourceTree = "<group>"; };
		62FA5FDD2B81BD590003DE2C /* LinnetUITests.xctest */ = {isa = PBXFileReference; explicitFileType = wrapper.cfbundle; includeInIndex = 0; path = LinnetUITests.xctest; sourceTree = BUILT_PRODUCTS_DIR; };
		62FA5FE12B81BD590003DE2C /* LinnetUITests.swift */ = {isa = PBXFileReference; lastKnownFileType = sourcecode.swift; path = LinnetUITests.swift; sourceTree = "<group>"; };
		62FA5FE32B81BD590003DE2C /* LinnetUITestsLaunchTests.swift */ = {isa = PBXFileReference; lastKnownFileType = sourcecode.swift; path = LinnetUITestsLaunchTests.swift; sourceTree = "<group>"; };
		62FA5FF02B81C0CB0003DE2C /* Info.plist */ = {isa = PBXFileReference; lastKnownFileType = text.plist; path = Info.plist; sourceTree = "<group>"; };
/* End PBXFileReference section */

/* Begin PBXFrameworksBuildPhase section */
		62FA5FBD2B81BD570003DE2C /* Frameworks */ = {
			isa = PBXFrameworksBuildPhase;
			buildActionMask = 2147483647;
			files = (
			);
			runOnlyForDeploymentPostprocessing = 0;
		};
		62FA5FD02B81BD590003DE2C /* Frameworks */ = {
			isa = PBXFrameworksBuildPhase;
			buildActionMask = 2147483647;
			files = (
			);
			runOnlyForDeploymentPostprocessing = 0;
		};
		62FA5FDA2B81BD590003DE2C /* Frameworks */ = {
			isa = PBXFrameworksBuildPhase;
			buildActionMask = 2147483647;
			files = (
			);
			runOnlyForDeploymentPostprocessing = 0;
		};
/* End PBXFrameworksBuildPhase section */

/* Begin PBXGroup section */
		62FA5FB72B81BD570003DE2C = {
			isa = PBXGroup;
			children = (
				62FA5FC22B81BD570003DE2C /* Linnet */,
				62FA5FD62B81BD590003DE2C /* LinnetTests */,
				62FA5FE02B81BD590003DE2C /* LinnetUITests */,
				62FA5FC12B81BD570003DE2C /* Products */,
			);
			indentWidth = 4;
			sourceTree = "<group>";
			tabWidth = 4;
		};
		62FA5FC12B81BD570003DE2C /* Products */ = {
			isa = PBXGroup;
			children = (
				62FA5FC02B81BD570003DE2C /* Linnet.app */,
				62FA5FD32B81BD590003DE2C /* LinnetTests.xctest */,
				62FA5FDD2B81BD590003DE2C /* LinnetUITests.xctest */,
			);
			name = Products;
			sourceTree = "<group>";
		};
		62FA5FC22B81BD570003DE2C /* Linnet */ = {
			isa = PBXGroup;
			children = (
				62FA5FF02B81C0CB0003DE2C /* Info.plist */,
				62FA5FC32B81BD570003DE2C /* LinnetApp.swift */,
				62FA5FC52B81BD570003DE2C /* ContentView.swift */,
				6280EEF92B8A4876009F139B /* BrowserRule.swift */,
				6280EEFB2B8AA302009F139B /* BrowserRuleView.swift */,
				62FA5FC72B81BD570003DE2C /* Item.swift */,
				62FA5FC92B81BD580003DE2C /* Assets.xcassets */,
				62FA5FCE2B81BD580003DE2C /* Linnet.entitlements */,
				62FA5FCB2B81BD580003DE2C /* Preview Content */,
			);
			path = Linnet;
			sourceTree = "<group>";
		};
		62FA5FCB2B81BD580003DE2C /* Preview Content */ = {
			isa = PBXGroup;
			children = (
				62FA5FCC2B81BD580003DE2C /* Preview Assets.xcassets */,
			);
			path = "Preview Content";
			sourceTree = "<group>";
		};
		62FA5FD62B81BD590003DE2C /* LinnetTests */ = {
			isa = PBXGroup;
			children = (
				62FA5FD72B81BD590003DE2C /* LinnetTests.swift */,
			);
			path = LinnetTests;
			sourceTree = "<group>";
		};
		62FA5FE02B81BD590003DE2C /* LinnetUITests */ = {
			isa = PBXGroup;
			children = (
				62FA5FE12B81BD590003DE2C /* LinnetUITests.swift */,
				62FA5FE32B81BD590003DE2C /* LinnetUITestsLaunchTests.swift */,
			);
			path = LinnetUITests;
			sourceTree = "<group>";
		};
/* End PBXGroup section */

/* Begin PBXNativeTarget section */
		62FA5FBF2B81BD570003DE2C /* Linnet */ = {
			isa = PBXNativeTarget;
			buildConfigurationList = 62FA5FE72B81BD590003DE2C /* Build configuration list for PBXNativeTarget "Linnet" */;
			buildPhases = (
				62FA5FBC2B81BD570003DE2C /* Sources */,
				62FA5FBD2B81BD570003DE2C /* Frameworks */,
				62FA5FBE2B81BD570003DE2C /* Resources */,
			);
			buildRules = (
			);
			dependencies = (
			);
			name = Linnet;
			productName = Linnet;
			productReference = 62FA5FC02B81BD570003DE2C /* Linnet.app */;
			productType = "com.apple.product-type.application";
		};
		62FA5FD22B81BD590003DE2C /* LinnetTests */ = {
			isa = PBXNativeTarget;
			buildConfigurationList = 62FA5FEA2B81BD590003DE2C /* Build configuration list for PBXNativeTarget "LinnetTests" */;
			buildPhases = (
				62FA5FCF2B81BD590003DE2C /* Sources */,
				62FA5FD02B81BD590003DE2C /* Frameworks */,
				62FA5FD12B81BD590003DE2C /* Resources */,
			);
			buildRules = (
			);
			dependencies = (
				62FA5FD52B81BD590003DE2C /* PBXTargetDependency */,
			);
			name = LinnetTests;
			productName = LinnetTests;
			productReference = 62FA5FD32B81BD590003DE2C /* LinnetTests.xctest */;
			productType = "com.apple.product-type.bundle.unit-test";
		};
		62FA5FDC2B81BD590003DE2C /* LinnetUITests */ = {
			isa = PBXNativeTarget;
			buildConfigurationList = 62FA5FED2B81BD590003DE2C /* Build configuration list for PBXNativeTarget "LinnetUITests" */;
			buildPhases = (
				62FA5FD92B81BD590003DE2C /* Sources */,
				62FA5FDA2B81BD590003DE2C /* Frameworks */,
				62FA5FDB2B81BD590003DE2C /* Resources */,
			);
			buildRules = (
			);
			dependencies = (
				62FA5FDF2B81BD590003DE2C /* PBXTargetDependency */,
			);
			name = LinnetUITests;
			productName = LinnetUITests;
			productReference = 62FA5FDD2B81BD590003DE2C /* LinnetUITests.xctest */;
			productType = "com.apple.product-type.bundle.ui-testing";
		};
/* End PBXNativeTarget section */

/* Begin PBXProject section */
		62FA5FB82B81BD570003DE2C /* Project object */ = {
			isa = PBXProject;
			attributes = {
				BuildIndependentTargetsInParallel = 1;
				LastSwiftUpdateCheck = 1520;
				LastUpgradeCheck = 1520;
				TargetAttributes = {
					62FA5FBF2B81BD570003DE2C = {
						CreatedOnToolsVersion = 15.2;
					};
					62FA5FD22B81BD590003DE2C = {
						CreatedOnToolsVersion = 15.2;
						TestTargetID = 62FA5FBF2B81BD570003DE2C;
					};
					62FA5FDC2B81BD590003DE2C = {
						CreatedOnToolsVersion = 15.2;
						TestTargetID = 62FA5FBF2B81BD570003DE2C;
					};
				};
			};
			buildConfigurationList = 62FA5FBB2B81BD570003DE2C /* Build configuration list for PBXProject "Linnet" */;
			compatibilityVersion = "Xcode 14.0";
			developmentRegion = en;
			hasScannedForEncodings = 0;
			knownRegions = (
				en,
				Base,
			);
			mainGroup = 62FA5FB72B81BD570003DE2C;
			productRefGroup = 62FA5FC12B81BD570003DE2C /* Products */;
			projectDirPath = "";
			projectRoot = "";
			targets = (
				62FA5FBF2B81BD570003DE2C /* Linnet */,
				62FA5FD22B81BD590003DE2C /* LinnetTests */,
				62FA5FDC2B81BD590003DE2C /* LinnetUITests */,
			);
		};
/* End PBXProject section */

/* Begin PBXResourcesBuildPhase section */
		62FA5FBE2B81BD570003DE2C /* Resources */ = {
			isa = PBXResourcesBuildPhase;
			buildActionMask = 2147483647;
			files = (
				62FA5FCD2B81BD580003DE2C /* Preview Assets.xcassets in Resources */,
				62FA5FCA2B81BD580003DE2C /* Assets.xcassets in Resources */,
			);
			runOnlyForDeploymentPostprocessing = 0;
		};
		62FA5FD12B81BD590003DE2C /* Resources */ = {
			isa = PBXResourcesBuildPhase;
			buildActionMask = 2147483647;
			files = (
			);
			runOnlyForDeploymentPostprocessing = 0;
		};
		62FA5FDB2B81BD590003DE2C /* Resources */ = {
			isa = PBXResourcesBuildPhase;
			buildActionMask = 2147483647;
			files = (
			);
			runOnlyForDeploymentPostprocessing = 0;
		};
/* End PBXResourcesBuildPhase section */

/* Begin PBXSourcesBuildPhase section */
		62FA5FBC2B81BD570003DE2C /* Sources */ = {
			isa = PBXSourcesBuildPhase;
			buildActionMask = 2147483647;
			files = (
				6280EEFA2B8A4876009F139B /* BrowserRule.swift in Sources */,
				62FA5FC62B81BD570003DE2C /* ContentView.swift in Sources */,
				62FA5FC82B81BD570003DE2C /* Item.swift in Sources */,
				6280EEFC2B8AA302009F139B /* BrowserRuleView.swift in Sources */,
				62FA5FC42B81BD570003DE2C /* LinnetApp.swift in Sources */,
			);
			runOnlyForDeploymentPostprocessing = 0;
		};
		62FA5FCF2B81BD590003DE2C /* Sources */ = {
			isa = PBXSourcesBuildPhase;
			buildActionMask = 2147483647;
			files = (
				62FA5FD82B81BD590003DE2C /* LinnetTests.swift in Sources */,
			);
			runOnlyForDeploymentPostprocessing = 0;
		};
		62FA5FD92B81BD590003DE2C /* Sources */ = {
			isa = PBXSourcesBuildPhase;
			buildActionMask = 2147483647;
			files = (
				62FA5FE42B81BD590003DE2C /* LinnetUITestsLaunchTests.swift in Sources */,
				62FA5FE22B81BD590003DE2C /* LinnetUITests.swift in Sources */,
			);
			runOnlyForDeploymentPostprocessing = 0;
		};
/* End PBXSourcesBuildPhase section */

/* Begin PBXTargetDependency section */
		62FA5FD52B81BD590003DE2C /* PBXTargetDependency */ = {
			isa = PBXTargetDependency;
			target = 62FA5FBF2B81BD570003DE2C /* Linnet */;
			targetProxy = 62FA5FD42B81BD590003DE2C /* PBXContainerItemProxy */;
		};
		62FA5FDF2B81BD590003DE2C /* PBXTargetDependency */ = {
			isa = PBXTargetDependency;
			target = 62FA5FBF2B81BD570003DE2C /* Linnet */;
			targetProxy = 62FA5FDE2B81BD590003DE2C /* PBXContainerItemProxy */;
		};
/* End PBXTargetDependency section */

/* Begin XCBuildConfiguration section */
		62FA5FE52B81BD590003DE2C /* Debug */ = {
			isa = XCBuildConfiguration;
			buildSettings = {
				ALWAYS_SEARCH_USER_PATHS = NO;
				ASSETCATALOG_COMPILER_GENERATE_SWIFT_ASSET_SYMBOL_EXTENSIONS = YES;
				CLANG_ANALYZER_NONNULL = YES;
				CLANG_ANALYZER_NUMBER_OBJECT_CONVERSION = YES_AGGRESSIVE;
				CLANG_CXX_LANGUAGE_STANDARD = "gnu++20";
				CLANG_ENABLE_MODULES = YES;
				CLANG_ENABLE_OBJC_ARC = YES;
				CLANG_ENABLE_OBJC_WEAK = YES;
				CLANG_WARN_BLOCK_CAPTURE_AUTORELEASING = YES;
				CLANG_WARN_BOOL_CONVERSION = YES;
				CLANG_WARN_COMMA = YES;
				CLANG_WARN_CONSTANT_CONVERSION = YES;
				CLANG_WARN_DEPRECATED_OBJC_IMPLEMENTATIONS = YES;
				CLANG_WARN_DIRECT_OBJC_ISA_USAGE = YES_ERROR;
				CLANG_WARN_DOCUMENTATION_COMMENTS = YES;
				CLANG_WARN_EMPTY_BODY = YES;
				CLANG_WARN_ENUM_CONVERSION = YES;
				CLANG_WARN_INFINITE_RECURSION = YES;
				CLANG_WARN_INT_CONVERSION = YES;
				CLANG_WARN_NON_LITERAL_NULL_CONVERSION = YES;
				CLANG_WARN_OBJC_IMPLICIT_RETAIN_SELF = YES;
				CLANG_WARN_OBJC_LITERAL_CONVERSION = YES;
				CLANG_WARN_OBJC_ROOT_CLASS = YES_ERROR;
				CLANG_WARN_QUOTED_INCLUDE_IN_FRAMEWORK_HEADER = YES;
				CLANG_WARN_RANGE_LOOP_ANALYSIS = YES;
				CLANG_WARN_STRICT_PROTOTYPES = YES;
				CLANG_WARN_SUSPICIOUS_MOVE = YES;
				CLANG_WARN_UNGUARDED_AVAILABILITY = YES_AGGRESSIVE;
				CLANG_WARN_UNREACHABLE_CODE = YES;
				CLANG_WARN__DUPLICATE_METHOD_MATCH = YES;
				COPY_PHASE_STRIP = NO;
				DEBUG_INFORMATION_FORMAT = dwarf;
				ENABLE_STRICT_OBJC_MSGSEND = YES;
				ENABLE_TESTABILITY = YES;
				ENABLE_USER_SCRIPT_SANDBOXING = YES;
				GCC_C_LANGUAGE_STANDARD = gnu17;
				GCC_DYNAMIC_NO_PIC = NO;
				GCC_NO_COMMON_BLOCKS = YES;
				GCC_OPTIMIZATION_LEVEL = 0;
				GCC_PREPROCESSOR_DEFINITIONS = (
					"DEBUG=1",
					"$(inherited)",
				);
				GCC_WARN_64_TO_32_BIT_CONVERSION = YES;
				GCC_WARN_ABOUT_RETURN_TYPE = YES_ERROR;
				GCC_WARN_UNDECLARED_SELECTOR = YES;
				GCC_WARN_UNINITIALIZED_AUTOS = YES_AGGRESSIVE;
				GCC_WARN_UNUSED_FUNCTION = YES;
				GCC_WARN_UNUSED_VARIABLE = YES;
				LOCALIZATION_PREFERS_STRING_CATALOGS = YES;
				MACOSX_DEPLOYMENT_TARGET = 14.2;
				MTL_ENABLE_DEBUG_INFO = INCLUDE_SOURCE;
				MTL_FAST_MATH = YES;
				ONLY_ACTIVE_ARCH = YES;
				SDKROOT = macosx;
				SWIFT_ACTIVE_COMPILATION_CONDITIONS = "DEBUG $(inherited)";
				SWIFT_OPTIMIZATION_LEVEL = "-Onone";
			};
			name = Debug;
		};
		62FA5FE62B81BD590003DE2C /* Release */ = {
			isa = XCBuildConfiguration;
			buildSettings = {
				ALWAYS_SEARCH_USER_PATHS = NO;
				ASSETCATALOG_COMPILER_GENERATE_SWIFT_ASSET_SYMBOL_EXTENSIONS = YES;
				CLANG_ANALYZER_NONNULL = YES;
				CLANG_ANALYZER_NUMBER_OBJECT_CONVERSION = YES_AGGRESSIVE;
				CLANG_CXX_LANGUAGE_STANDARD = "gnu++20";
				CLANG_ENABLE_MODULES = YES;
				CLANG_ENABLE_OBJC_ARC = YES;
				CLANG_ENABLE_OBJC_WEAK = YES;
				CLANG_WARN_BLOCK_CAPTURE_AUTORELEASING = YES;
				CLANG_WARN_BOOL_CONVERSION = YES;
				CLANG_WARN_COMMA = YES;
				CLANG_WARN_CONSTANT_CONVERSION = YES;
				CLANG_WARN_DEPRECATED_OBJC_IMPLEMENTATIONS = YES;
				CLANG_WARN_DIRECT_OBJC_ISA_USAGE = YES_ERROR;
				CLANG_WARN_DOCUMENTATION_COMMENTS = YES;
				CLANG_WARN_EMPTY_BODY = YES;
				CLANG_WARN_ENUM_CONVERSION = YES;
				CLANG_WARN_INFINITE_RECURSION = YES;
				CLANG_WARN_INT_CONVERSION = YES;
				CLANG_WARN_NON_LITERAL_NULL_CONVERSION = YES;
				CLANG_WARN_OBJC_IMPLICIT_RETAIN_SELF = YES;
				CLANG_WARN_OBJC_LITERAL_CONVERSION = YES;
				CLANG_WARN_OBJC_ROOT_CLASS = YES_ERROR;
				CLANG_WARN_QUOTED_INCLUDE_IN_FRAMEWORK_HEADER = YES;
				CLANG_WARN_RANGE_LOOP_ANALYSIS = YES;
				CLANG_WARN_STRICT_PROTOTYPES = YES;
				CLANG_WARN_SUSPICIOUS_MOVE = YES;
				CLANG_WARN_UNGUARDED_AVAILABILITY = YES_AGGRESSIVE;
				CLANG_WARN_UNREACHABLE_CODE = YES;
				CLANG_WARN__DUPLICATE_METHOD_MATCH = YES;
				COPY_PHASE_STRIP = NO;
				DEBUG_INFORMATION_FORMAT = "dwarf-with-dsym";
				ENABLE_NS_ASSERTIONS = NO;
				ENABLE_STRICT_OBJC_MSGSEND = YES;
				ENABLE_USER_SCRIPT_SANDBOXING = YES;
				GCC_C_LANGUAGE_STANDARD = gnu17;
				GCC_NO_COMMON_BLOCKS = YES;
				GCC_WARN_64_TO_32_BIT_CONVERSION = YES;
				GCC_WARN_ABOUT_RETURN_TYPE = YES_ERROR;
				GCC_WARN_UNDECLARED_SELECTOR = YES;
				GCC_WARN_UNINITIALIZED_AUTOS = YES_AGGRESSIVE;
				GCC_WARN_UNUSED_FUNCTION = YES;
				GCC_WARN_UNUSED_VARIABLE = YES;
				LOCALIZATION_PREFERS_STRING_CATALOGS = YES;
				MACOSX_DEPLOYMENT_TARGET = 14.2;
				MTL_ENABLE_DEBUG_INFO = NO;
				MTL_FAST_MATH = YES;
				SDKROOT = macosx;
				SWIFT_COMPILATION_MODE = wholemodule;
			};
			name = Release;
		};
		62FA5FE82B81BD590003DE2C /* Debug */ = {
			isa = XCBuildConfiguration;
			buildSettings = {
				ASSETCATALOG_COMPILER_APPICON_NAME = AppIcon;
				ASSETCATALOG_COMPILER_GLOBAL_ACCENT_COLOR_NAME = AccentColor;
				CODE_SIGN_ENTITLEMENTS = Linnet/Linnet.entitlements;
				CODE_SIGN_STYLE = Automatic;
				COMBINE_HIDPI_IMAGES = YES;
				CURRENT_PROJECT_VERSION = 1;
				DEVELOPMENT_ASSET_PATHS = "\"Linnet/Preview Content\"";
				DEVELOPMENT_TEAM = A8698AS25F;
				ENABLE_HARDENED_RUNTIME = YES;
				ENABLE_PREVIEWS = YES;
				GENERATE_INFOPLIST_FILE = YES;
				INFOPLIST_FILE = Linnet/Info.plist;
				INFOPLIST_KEY_NSHumanReadableCopyright = ddd;
				LD_RUNPATH_SEARCH_PATHS = (
					"$(inherited)",
					"@executable_path/../Frameworks",
				);
				MACOSX_DEPLOYMENT_TARGET = 14.0;
				MARKETING_VERSION = 1.0;
				PRODUCT_BUNDLE_IDENTIFIER = com.bingchanglai.Linnet;
				PRODUCT_NAME = "$(TARGET_NAME)";
				SWIFT_EMIT_LOC_STRINGS = YES;
				SWIFT_VERSION = 5.0;
			};
			name = Debug;
		};
		62FA5FE92B81BD590003DE2C /* Release */ = {
			isa = XCBuildConfiguration;
			buildSettings = {
				ASSETCATALOG_COMPILER_APPICON_NAME = AppIcon;
				ASSETCATALOG_COMPILER_GLOBAL_ACCENT_COLOR_NAME = AccentColor;
				CODE_SIGN_ENTITLEMENTS = Linnet/Linnet.entitlements;
				CODE_SIGN_STYLE = Automatic;
				COMBINE_HIDPI_IMAGES = YES;
				CURRENT_PROJECT_VERSION = 1;
				DEVELOPMENT_ASSET_PATHS = "\"Linnet/Preview Content\"";
				DEVELOPMENT_TEAM = A8698AS25F;
				ENABLE_HARDENED_RUNTIME = YES;
				ENABLE_PREVIEWS = YES;
				GENERATE_INFOPLIST_FILE = YES;
				INFOPLIST_FILE = Linnet/Info.plist;
				INFOPLIST_KEY_NSHumanReadableCopyright = ddd;
				LD_RUNPATH_SEARCH_PATHS = (
					"$(inherited)",
					"@executable_path/../Frameworks",
				);
				MACOSX_DEPLOYMENT_TARGET = 14.0;
				MARKETING_VERSION = 1.0;
				PRODUCT_BUNDLE_IDENTIFIER = com.bingchanglai.Linnet;
				PRODUCT_NAME = "$(TARGET_NAME)";
				SWIFT_EMIT_LOC_STRINGS = YES;
				SWIFT_VERSION = 5.0;
			};
			name = Release;
		};
		62FA5FEB2B81BD590003DE2C /* Debug */ = {
			isa = XCBuildConfiguration;
			buildSettings = {
				ALWAYS_EMBED_SWIFT_STANDARD_LIBRARIES = YES;
				BUNDLE_LOADER = "$(TEST_HOST)";
				CODE_SIGN_STYLE = Automatic;
				CURRENT_PROJECT_VERSION = 1;
				DEVELOPMENT_TEAM = A8698AS25F;
				GENERATE_INFOPLIST_FILE = YES;
				MACOSX_DEPLOYMENT_TARGET = 14.0;
				MARKETING_VERSION = 1.0;
				PRODUCT_BUNDLE_IDENTIFIER = com.bingchanglai.LinnetTests;
				PRODUCT_NAME = "$(TARGET_NAME)";
				SWIFT_EMIT_LOC_STRINGS = NO;
				SWIFT_VERSION = 5.0;
				TEST_HOST = "$(BUILT_PRODUCTS_DIR)/Linnet.app/$(BUNDLE_EXECUTABLE_FOLDER_PATH)/Linnet";
			};
			name = Debug;
		};
		62FA5FEC2B81BD590003DE2C /* Release */ = {
			isa = XCBuildConfiguration;
			buildSettings = {
				ALWAYS_EMBED_SWIFT_STANDARD_LIBRARIES = YES;
				BUNDLE_LOADER = "$(TEST_HOST)";
				CODE_SIGN_STYLE = Automatic;
				CURRENT_PROJECT_VERSION = 1;
				DEVELOPMENT_TEAM = A8698AS25F;
				GENERATE_INFOPLIST_FILE = YES;
				MACOSX_DEPLOYMENT_TARGET = 14.0;
				MARKETING_VERSION = 1.0;
				PRODUCT_BUNDLE_IDENTIFIER = com.bingchanglai.LinnetTests;
				PRODUCT_NAME = "$(TARGET_NAME)";
				SWIFT_EMIT_LOC_STRINGS = NO;
				SWIFT_VERSION = 5.0;
				TEST_HOST = "$(BUILT_PRODUCTS_DIR)/Linnet.app/$(BUNDLE_EXECUTABLE_FOLDER_PATH)/Linnet";
			};
			name = Release;
		};
		62FA5FEE2B81BD590003DE2C /* Debug */ = {
			isa = XCBuildConfiguration;
			buildSettings = {
				ALWAYS_EMBED_SWIFT_STANDARD_LIBRARIES = YES;
				CODE_SIGN_STYLE = Automatic;
				CURRENT_PROJECT_VERSION = 1;
				DEVELOPMENT_TEAM = A8698AS25F;
				GENERATE_INFOPLIST_FILE = YES;
				MARKETING_VERSION = 1.0;
				PRODUCT_BUNDLE_IDENTIFIER = com.bingchanglai.LinnetUITests;
				PRODUCT_NAME = "$(TARGET_NAME)";
				SWIFT_EMIT_LOC_STRINGS = NO;
				SWIFT_VERSION = 5.0;
				TEST_TARGET_NAME = Linnet;
			};
			name = Debug;
		};
		62FA5FEF2B81BD590003DE2C /* Release */ = {
			isa = XCBuildConfiguration;
			buildSettings = {
				ALWAYS_EMBED_SWIFT_STANDARD_LIBRARIES = YES;
				CODE_SIGN_STYLE = Automatic;
				CURRENT_PROJECT_VERSION = 1;
				DEVELOPMENT_TEAM = A8698AS25F;
				GENERATE_INFOPLIST_FILE = YES;
				MARKETING_VERSION = 1.0;
				PRODUCT_BUNDLE_IDENTIFIER = com.bingchanglai.LinnetUITests;
				PRODUCT_NAME = "$(TARGET_NAME)";
				SWIFT_EMIT_LOC_STRINGS = NO;
				SWIFT_VERSION = 5.0;
				TEST_TARGET_NAME = Linnet;
			};
			name = Release;
		};
/* End XCBuildConfiguration section */

/* Begin XCConfigurationList section */
		62FA5FBB2B81BD570003DE2C /* Build configuration list for PBXProject "Linnet" */ = {
			isa = XCConfigurationList;
			buildConfigurations = (
				62FA5FE52B81BD590003DE2C /* Debug */,
				62FA5FE62B81BD590003DE2C /* Release */,
			);
			defaultConfigurationIsVisible = 0;
			defaultConfigurationName = Release;
		};
		62FA5FE72B81BD590003DE2C /* Build configuration list for PBXNativeTarget "Linnet" */ = {
			isa = XCConfigurationList;
			buildConfigurations = (
				62FA5FE82B81BD590003DE2C /* Debug */,
				62FA5FE92B81BD590003DE2C /* Release */,
			);
			defaultConfigurationIsVisible = 0;
			defaultConfigurationName = Release;
		};
		62FA5FEA2B81BD590003DE2C /* Build configuration list for PBXNativeTarget "LinnetTests" */ = {
			isa = XCConfigurationList;
			buildConfigurations = (
				62FA5FEB2B81BD590003DE2C /* Debug */,
				62FA5FEC2B81BD590003DE2C /* Release */,
			);
			defaultConfigurationIsVisible = 0;
			defaultConfigurationName = Release;
		};
		62FA5FED2B81BD590003DE2C /* Build configuration list for PBXNativeTarget "LinnetUITests" */ = {
			isa = XCConfigurationList;
			buildConfigurations = (
				62FA5FEE2B81BD590003DE2C /* Debug */,
				62FA5FEF2B81BD590003DE2C /* Release */,
			);
			defaultConfigurationIsVisible = 0;
			defaultConfigurationName = Release;
		};
/* End XCConfigurationList section */
	};
	rootObject = 62FA5FB82B81BD570003DE2C /* Project object */;
}
